# This file is automatically @generated by Cargo.
# It is not intended for manual editing.
version = 3

[[package]]
name = "dyn-clone"
version = "1.0.14"
source = "registry+https://github.com/rust-lang/crates.io-index"
checksum = "23d2f3407d9a573d666de4b5bdf10569d73ca9478087346697dcbae6244bfbcd"

[[package]]
name = "lang"
version = "0.1.0"
dependencies = [
 "dyn-clone",
]
